// !$*UTF8*$!
{
	archiveVersion = 1;
	classes = {
	};
	objectVersion = 46;
	objects = {

/* Begin PBXBuildFile section */
		DF3700631C5A51720009E5D8 /* AppDelegate.swift in Sources */ = {isa = PBXBuildFile; fileRef = DF3700621C5A51720009E5D8 /* AppDelegate.swift */; };
		DF3700651C5A51720009E5D8 /* CurrentLocationViewController.swift in Sources */ = {isa = PBXBuildFile; fileRef = DF3700641C5A51720009E5D8 /* CurrentLocationViewController.swift */; };
		DF37006A1C5A51720009E5D8 /* Main.storyboard in Resources */ = {isa = PBXBuildFile; fileRef = DF3700681C5A51720009E5D8 /* Main.storyboard */; };
		DF37006C1C5A51720009E5D8 /* Assets.xcassets in Resources */ = {isa = PBXBuildFile; fileRef = DF37006B1C5A51720009E5D8 /* Assets.xcassets */; };
		DF37006F1C5A51720009E5D8 /* LaunchScreen.storyboard in Resources */ = {isa = PBXBuildFile; fileRef = DF37006D1C5A51720009E5D8 /* LaunchScreen.storyboard */; };
		DF3700771C5B85A30009E5D8 /* LocationDetailsViewController.swift in Sources */ = {isa = PBXBuildFile; fileRef = DF3700761C5B85A30009E5D8 /* LocationDetailsViewController.swift */; };
		DF3700791C5E13F60009E5D8 /* CategoryPickerViewController.swift in Sources */ = {isa = PBXBuildFile; fileRef = DF3700781C5E13F60009E5D8 /* CategoryPickerViewController.swift */; };
		DF37007B1C5E309B0009E5D8 /* HudView.swift in Sources */ = {isa = PBXBuildFile; fileRef = DF37007A1C5E309B0009E5D8 /* HudView.swift */; };
		DF37007D1C5E38F60009E5D8 /* Functions.swift in Sources */ = {isa = PBXBuildFile; fileRef = DF37007C1C5E38F60009E5D8 /* Functions.swift */; };
		DF3700801C5E3CCA0009E5D8 /* DataModel.xcdatamodeld in Sources */ = {isa = PBXBuildFile; fileRef = DF37007E1C5E3CCA0009E5D8 /* DataModel.xcdatamodeld */; };
		DF3700831C5E3F370009E5D8 /* Location+CoreDataProperties.swift in Sources */ = {isa = PBXBuildFile; fileRef = DF3700811C5E3F370009E5D8 /* Location+CoreDataProperties.swift */; };
		DF3700841C5E3F370009E5D8 /* Location.swift in Sources */ = {isa = PBXBuildFile; fileRef = DF3700821C5E3F370009E5D8 /* Location.swift */; };
		DF3700861C5FF0090009E5D8 /* LocationsViewController.swift in Sources */ = {isa = PBXBuildFile; fileRef = DF3700851C5FF0090009E5D8 /* LocationsViewController.swift */; };
		DF75DC151C609B12000FA823 /* LocationCell.swift in Sources */ = {isa = PBXBuildFile; fileRef = DF75DC141C609B12000FA823 /* LocationCell.swift */; };
/* End PBXBuildFile section */

/* Begin PBXFileReference section */
		DF37005F1C5A51720009E5D8 /* MyLocations.app */ = {isa = PBXFileReference; explicitFileType = wrapper.application; includeInIndex = 0; path = MyLocations.app; sourceTree = BUILT_PRODUCTS_DIR; };
		DF3700621C5A51720009E5D8 /* AppDelegate.swift */ = {isa = PBXFileReference; lastKnownFileType = sourcecode.swift; path = AppDelegate.swift; sourceTree = "<group>"; };
		DF3700641C5A51720009E5D8 /* CurrentLocationViewController.swift */ = {isa = PBXFileReference; lastKnownFileType = sourcecode.swift; path = CurrentLocationViewController.swift; sourceTree = "<group>"; };
		DF3700691C5A51720009E5D8 /* Base */ = {isa = PBXFileReference; lastKnownFileType = file.storyboard; name = Base; path = Base.lproj/Main.storyboard; sourceTree = "<group>"; };
		DF37006B1C5A51720009E5D8 /* Assets.xcassets */ = {isa = PBXFileReference; lastKnownFileType = folder.assetcatalog; path = Assets.xcassets; sourceTree = "<group>"; };
		DF37006E1C5A51720009E5D8 /* Base */ = {isa = PBXFileReference; lastKnownFileType = file.storyboard; name = Base; path = Base.lproj/LaunchScreen.storyboard; sourceTree = "<group>"; };
		DF3700701C5A51720009E5D8 /* Info.plist */ = {isa = PBXFileReference; lastKnownFileType = text.plist.xml; path = Info.plist; sourceTree = "<group>"; };
		DF3700761C5B85A30009E5D8 /* LocationDetailsViewController.swift */ = {isa = PBXFileReference; fileEncoding = 4; lastKnownFileType = sourcecode.swift; path = LocationDetailsViewController.swift; sourceTree = "<group>"; };
		DF3700781C5E13F60009E5D8 /* CategoryPickerViewController.swift */ = {isa = PBXFileReference; fileEncoding = 4; lastKnownFileType = sourcecode.swift; path = CategoryPickerViewController.swift; sourceTree = "<group>"; };
		DF37007A1C5E309B0009E5D8 /* HudView.swift */ = {isa = PBXFileReference; fileEncoding = 4; lastKnownFileType = sourcecode.swift; path = HudView.swift; sourceTree = "<group>"; };
		DF37007C1C5E38F60009E5D8 /* Functions.swift */ = {isa = PBXFileReference; fileEncoding = 4; lastKnownFileType = sourcecode.swift; path = Functions.swift; sourceTree = "<group>"; };
		DF37007F1C5E3CCA0009E5D8 /* DataModel.xcdatamodel */ = {isa = PBXFileReference; lastKnownFileType = wrapper.xcdatamodel; path = DataModel.xcdatamodel; sourceTree = "<group>"; };
		DF3700811C5E3F370009E5D8 /* Location+CoreDataProperties.swift */ = {isa = PBXFileReference; fileEncoding = 4; lastKnownFileType = sourcecode.swift; name = "Location+CoreDataProperties.swift"; path = "../Location+CoreDataProperties.swift"; sourceTree = "<group>"; };
		DF3700821C5E3F370009E5D8 /* Location.swift */ = {isa = PBXFileReference; fileEncoding = 4; lastKnownFileType = sourcecode.swift; name = Location.swift; path = ../Location.swift; sourceTree = "<group>"; };
		DF3700851C5FF0090009E5D8 /* LocationsViewController.swift */ = {isa = PBXFileReference; fileEncoding = 4; lastKnownFileType = sourcecode.swift; path = LocationsViewController.swift; sourceTree = "<group>"; };
		DF75DC141C609B12000FA823 /* LocationCell.swift */ = {isa = PBXFileReference; fileEncoding = 4; lastKnownFileType = sourcecode.swift; path = LocationCell.swift; sourceTree = "<group>"; };
/* End PBXFileReference section */

/* Begin PBXFrameworksBuildPhase section */
		DF37005C1C5A51720009E5D8 /* Frameworks */ = {
			isa = PBXFrameworksBuildPhase;
			buildActionMask = 2147483647;
			files = (
			);
			runOnlyForDeploymentPostprocessing = 0;
		};
/* End PBXFrameworksBuildPhase section */

/* Begin PBXGroup section */
		DF3700561C5A51720009E5D8 = {
			isa = PBXGroup;
			children = (
				DF3700611C5A51720009E5D8 /* MyLocations */,
				DF3700601C5A51720009E5D8 /* Products */,
			);
			sourceTree = "<group>";
		};
		DF3700601C5A51720009E5D8 /* Products */ = {
			isa = PBXGroup;
			children = (
				DF37005F1C5A51720009E5D8 /* MyLocations.app */,
			);
			name = Products;
			sourceTree = "<group>";
		};
		DF3700611C5A51720009E5D8 /* MyLocations */ = {
			isa = PBXGroup;
			children = (
				DF3700621C5A51720009E5D8 /* AppDelegate.swift */,
				DF3700641C5A51720009E5D8 /* CurrentLocationViewController.swift */,
				DF3700761C5B85A30009E5D8 /* LocationDetailsViewController.swift */,
				DF3700781C5E13F60009E5D8 /* CategoryPickerViewController.swift */,
				DF3700851C5FF0090009E5D8 /* LocationsViewController.swift */,
				DF75DC141C609B12000FA823 /* LocationCell.swift */,
				DF3700681C5A51720009E5D8 /* Main.storyboard */,
				DF37007A1C5E309B0009E5D8 /* HudView.swift */,
				DF37007C1C5E38F60009E5D8 /* Functions.swift */,
				DF37007E1C5E3CCA0009E5D8 /* DataModel.xcdatamodeld */,
				DF37006B1C5A51720009E5D8 /* Assets.xcassets */,
				DF37006D1C5A51720009E5D8 /* LaunchScreen.storyboard */,
				DF3700701C5A51720009E5D8 /* Info.plist */,
				DF3700811C5E3F370009E5D8 /* Location+CoreDataProperties.swift */,
				DF3700821C5E3F370009E5D8 /* Location.swift */,
			);
			path = MyLocations;
			sourceTree = "<group>";
		};
/* End PBXGroup section */

/* Begin PBXNativeTarget section */
		DF37005E1C5A51720009E5D8 /* MyLocations */ = {
			isa = PBXNativeTarget;
			buildConfigurationList = DF3700731C5A51720009E5D8 /* Build configuration list for PBXNativeTarget "MyLocations" */;
			buildPhases = (
				DF37005B1C5A51720009E5D8 /* Sources */,
				DF37005C1C5A51720009E5D8 /* Frameworks */,
				DF37005D1C5A51720009E5D8 /* Resources */,
			);
			buildRules = (
			);
			dependencies = (
			);
			name = MyLocations;
			productName = MyLocations;
			productReference = DF37005F1C5A51720009E5D8 /* MyLocations.app */;
			productType = "com.apple.product-type.application";
		};
/* End PBXNativeTarget section */

/* Begin PBXProject section */
		DF3700571C5A51720009E5D8 /* Project object */ = {
			isa = PBXProject;
			attributes = {
				LastSwiftUpdateCheck = 0720;
				LastUpgradeCheck = 0720;
				ORGANIZATIONNAME = "Lennart Erikson";
				TargetAttributes = {
					DF37005E1C5A51720009E5D8 = {
						CreatedOnToolsVersion = 7.2;
					};
				};
			};
			buildConfigurationList = DF37005A1C5A51720009E5D8 /* Build configuration list for PBXProject "MyLocations" */;
			compatibilityVersion = "Xcode 3.2";
			developmentRegion = English;
			hasScannedForEncodings = 0;
			knownRegions = (
				en,
				Base,
			);
			mainGroup = DF3700561C5A51720009E5D8;
			productRefGroup = DF3700601C5A51720009E5D8 /* Products */;
			projectDirPath = "";
			projectRoot = "";
			targets = (
				DF37005E1C5A51720009E5D8 /* MyLocations */,
			);
		};
/* End PBXProject section */

/* Begin PBXResourcesBuildPhase section */
		DF37005D1C5A51720009E5D8 /* Resources */ = {
			isa = PBXResourcesBuildPhase;
			buildActionMask = 2147483647;
			files = (
				DF37006F1C5A51720009E5D8 /* LaunchScreen.storyboard in Resources */,
				DF37006C1C5A51720009E5D8 /* Assets.xcassets in Resources */,
				DF37006A1C5A51720009E5D8 /* Main.storyboard in Resources */,
			);
			runOnlyForDeploymentPostprocessing = 0;
		};
/* End PBXResourcesBuildPhase section */

/* Begin PBXSourcesBuildPhase section */
		DF37005B1C5A51720009E5D8 /* Sources */ = {
			isa = PBXSourcesBuildPhase;
			buildActionMask = 2147483647;
			files = (
				DF3700771C5B85A30009E5D8 /* LocationDetailsViewController.swift in Sources */,
				DF3700861C5FF0090009E5D8 /* LocationsViewController.swift in Sources */,
				DF3700801C5E3CCA0009E5D8 /* DataModel.xcdatamodeld in Sources */,
				DF3700841C5E3F370009E5D8 /* Location.swift in Sources */,
				DF37007B1C5E309B0009E5D8 /* HudView.swift in Sources */,
				DF37007D1C5E38F60009E5D8 /* Functions.swift in Sources */,
				DF75DC151C609B12000FA823 /* LocationCell.swift in Sources */,
				DF3700831C5E3F370009E5D8 /* Location+CoreDataProperties.swift in Sources */,
				DF3700631C5A51720009E5D8 /* AppDelegate.swift in Sources */,
				DF3700791C5E13F60009E5D8 /* CategoryPickerViewController.swift in Sources */,
				DF3700651C5A51720009E5D8 /* CurrentLocationViewController.swift in Sources */,
			);
			runOnlyForDeploymentPostprocessing = 0;
		};
/* End PBXSourcesBuildPhase section */

/* Begin PBXVariantGroup section */
		DF3700681C5A51720009E5D8 /* Main.storyboard */ = {
			isa = PBXVariantGroup;
			children = (
				DF3700691C5A51720009E5D8 /* Base */,
			);
			name = Main.storyboard;
			sourceTree = "<group>";
		};
		DF37006D1C5A51720009E5D8 /* LaunchScreen.storyboard */ = {
			isa = PBXVariantGroup;
			children = (
				DF37006E1C5A51720009E5D8 /* Base */,
			);
			name = LaunchScreen.storyboard;
			sourceTree = "<group>";
		};
/* End PBXVariantGroup section */

/* Begin XCBuildConfiguration section */
		DF3700711C5A51720009E5D8 /* Debug */ = {
			isa = XCBuildConfiguration;
			buildSettings = {
				ALWAYS_SEARCH_USER_PATHS = NO;
				CLANG_CXX_LANGUAGE_STANDARD = "gnu++0x";
				CLANG_CXX_LIBRARY = "libc++";
				CLANG_ENABLE_MODULES = YES;
				CLANG_ENABLE_OBJC_ARC = YES;
				CLANG_WARN_BOOL_CONVERSION = YES;
				CLANG_WARN_CONSTANT_CONVERSION = YES;
				CLANG_WARN_DIRECT_OBJC_ISA_USAGE = YES_ERROR;
				CLANG_WARN_EMPTY_BODY = YES;
				CLANG_WARN_ENUM_CONVERSION = YES;
				CLANG_WARN_INT_CONVERSION = YES;
				CLANG_WARN_OBJC_ROOT_CLASS = YES_ERROR;
				CLANG_WARN_UNREACHABLE_CODE = YES;
				CLANG_WARN__DUPLICATE_METHOD_MATCH = YES;
				"CODE_SIGN_IDENTITY[sdk=iphoneos*]" = "iPhone Developer";
				COPY_PHASE_STRIP = NO;
				DEBUG_INFORMATION_FORMAT = dwarf;
				ENABLE_STRICT_OBJC_MSGSEND = YES;
				ENABLE_TESTABILITY = YES;
				GCC_C_LANGUAGE_STANDARD = gnu99;
				GCC_DYNAMIC_NO_PIC = NO;
				GCC_NO_COMMON_BLOCKS = YES;
				GCC_OPTIMIZATION_LEVEL = 0;
				GCC_PREPROCESSOR_DEFINITIONS = (
					"DEBUG=1",
					"$(inherited)",
				);
				GCC_WARN_64_TO_32_BIT_CONVERSION = YES;
				GCC_WARN_ABOUT_RETURN_TYPE = YES_ERROR;
				GCC_WARN_UNDECLARED_SELECTOR = YES;
				GCC_WARN_UNINITIALIZED_AUTOS = YES_AGGRESSIVE;
				GCC_WARN_UNUSED_FUNCTION = YES;
				GCC_WARN_UNUSED_VARIABLE = YES;
				IPHONEOS_DEPLOYMENT_TARGET = 9.2;
				MTL_ENABLE_DEBUG_INFO = YES;
				ONLY_ACTIVE_ARCH = YES;
				SDKROOT = iphoneos;
				SWIFT_OPTIMIZATION_LEVEL = "-Onone";
			};
			name = Debug;
		};
		DF3700721C5A51720009E5D8 /* Release */ = {
			isa = XCBuildConfiguration;
			buildSettings = {
				ALWAYS_SEARCH_USER_PATHS = NO;
				CLANG_CXX_LANGUAGE_STANDARD = "gnu++0x";
				CLANG_CXX_LIBRARY = "libc++";
				CLANG_ENABLE_MODULES = YES;
				CLANG_ENABLE_OBJC_ARC = YES;
				CLANG_WARN_BOOL_CONVERSION = YES;
				CLANG_WARN_CONSTANT_CONVERSION = YES;
				CLANG_WARN_DIRECT_OBJC_ISA_USAGE = YES_ERROR;
				CLANG_WARN_EMPTY_BODY = YES;
				CLANG_WARN_ENUM_CONVERSION = YES;
				CLANG_WARN_INT_CONVERSION = YES;
				CLANG_WARN_OBJC_ROOT_CLASS = YES_ERROR;
				CLANG_WARN_UNREACHABLE_CODE = YES;
				CLANG_WARN__DUPLICATE_METHOD_MATCH = YES;
				"CODE_SIGN_IDENTITY[sdk=iphoneos*]" = "iPhone Developer";
				COPY_PHASE_STRIP = NO;
				DEBUG_INFORMATION_FORMAT = "dwarf-with-dsym";
				ENABLE_NS_ASSERTIONS = NO;
				ENABLE_STRICT_OBJC_MSGSEND = YES;
				GCC_C_LANGUAGE_STANDARD = gnu99;
				GCC_NO_COMMON_BLOCKS = YES;
				GCC_WARN_64_TO_32_BIT_CONVERSION = YES;
				GCC_WARN_ABOUT_RETURN_TYPE = YES_ERROR;
				GCC_WARN_UNDECLARED_SELECTOR = YES;
				GCC_WARN_UNINITIALIZED_AUTOS = YES_AGGRESSIVE;
				GCC_WARN_UNUSED_FUNCTION = YES;
				GCC_WARN_UNUSED_VARIABLE = YES;
				IPHONEOS_DEPLOYMENT_TARGET = 9.2;
				MTL_ENABLE_DEBUG_INFO = NO;
				SDKROOT = iphoneos;
				VALIDATE_PRODUCT = YES;
			};
			name = Release;
		};
		DF3700741C5A51720009E5D8 /* Debug */ = {
			isa = XCBuildConfiguration;
			buildSettings = {
				ASSETCATALOG_COMPILER_APPICON_NAME = AppIcon;
				INFOPLIST_FILE = MyLocations/Info.plist;
				LD_RUNPATH_SEARCH_PATHS = "$(inherited) @executable_path/Frameworks";
				PRODUCT_BUNDLE_IDENTIFIER = com.lennarterikson.MyLocations;
				PRODUCT_NAME = "$(TARGET_NAME)";
			};
			name = Debug;
		};
		DF3700751C5A51720009E5D8 /* Release */ = {
			isa = XCBuildConfiguration;
			buildSettings = {
				ASSETCATALOG_COMPILER_APPICON_NAME = AppIcon;
				INFOPLIST_FILE = MyLocations/Info.plist;
				LD_RUNPATH_SEARCH_PATHS = "$(inherited) @executable_path/Frameworks";
				PRODUCT_BUNDLE_IDENTIFIER = com.lennarterikson.MyLocations;
				PRODUCT_NAME = "$(TARGET_NAME)";
			};
			name = Release;
		};
/* End XCBuildConfiguration section */

/* Begin XCConfigurationList section */
		DF37005A1C5A51720009E5D8 /* Build configuration list for PBXProject "MyLocations" */ = {
			isa = XCConfigurationList;
			buildConfigurations = (
				DF3700711C5A51720009E5D8 /* Debug */,
				DF3700721C5A51720009E5D8 /* Release */,
			);
			defaultConfigurationIsVisible = 0;
			defaultConfigurationName = Release;
		};
		DF3700731C5A51720009E5D8 /* Build configuration list for PBXNativeTarget "MyLocations" */ = {
			isa = XCConfigurationList;
			buildConfigurations = (
				DF3700741C5A51720009E5D8 /* Debug */,
				DF3700751C5A51720009E5D8 /* Release */,
			);
			defaultConfigurationIsVisible = 0;
			defaultConfigurationName = Release;
		};
/* End XCConfigurationList section */

/* Begin XCVersionGroup section */
		DF37007E1C5E3CCA0009E5D8 /* DataModel.xcdatamodeld */ = {
			isa = XCVersionGroup;
			children = (
				DF37007F1C5E3CCA0009E5D8 /* DataModel.xcdatamodel */,
			);
			currentVersion = DF37007F1C5E3CCA0009E5D8 /* DataModel.xcdatamodel */;
			path = DataModel.xcdatamodeld;
			sourceTree = "<group>";
			versionGroupType = wrapper.xcdatamodel;
		};
/* End XCVersionGroup section */
	};
	rootObject = DF3700571C5A51720009E5D8 /* Project object */;
}
